
Microsoft Visual Studio Solution File, Format Version 12.00
# Visual Studio 15
VisualStudioVersion = 15.0.28307.1585
MinimumVisualStudioVersion = 10.0.40219.1
Project("{FAE04EC0-301F-11D3-BF4B-00C04F79EFBC}") = "ConsoleDefragmentalTest", "ConsoleDefragmentalTest\ConsoleDefragmentalTest.csproj", "{DC1E5C8A-5891-46F4-90F7-2189A01BB1EC}"
EndProject
Global
	GlobalSection(SolutionConfigurationPlatforms) = preSolution
		Debug|Any CPU = Debug|Any CPU
		Release|Any CPU = Release|Any CPU
	EndGlobalSection
	GlobalSection(ProjectConfigurationPlatforms) = postSolution
		{DC1E5C8A-5891-46F4-90F7-2189A01BB1EC}.Debug|Any CPU.ActiveCfg = Debug|Any CPU
		{DC1E5C8A-5891-46F4-90F7-2189A01BB1EC}.Debug|Any CPU.Build.0 = Debug|Any CPU
		{DC1E5C8A-5891-46F4-90F7-2189A01BB1EC}.Release|Any CPU.ActiveCfg = Release|Any CPU
		{DC1E5C8A-5891-46F4-90F7-2189A01BB1EC}.Release|Any CPU.Build.0 = Release|Any CPU
	EndGlobalSection
	GlobalSection(SolutionProperties) = preSolution
		HideSolutionNode = FALSE
	EndGlobalSection
	GlobalSection(ExtensibilityGlobals) = postSolution
		SolutionGuid = {004B9B08-1922-4A09-A69C-32AD79FDCE14}
	EndGlobalSection
EndGlobal
